
Microsoft Visual Studio Solution File, Format Version 12.00
# Visual Studio Version 17
VisualStudioVersion = 17.1.32210.238
MinimumVisualStudioVersion = 10.0.40219.1
Project("{FAE04EC0-301F-11D3-BF4B-00C04F79EFBC}") = "Desafio.Base", "Desafio.Base\Desafio.Base.csproj", "{D84E0A11-4D0F-4E15-A74C-24DC764DE198}"
EndProject
Project("{FAE04EC0-301F-11D3-BF4B-00C04F79EFBC}") = "Desafio.Infra.Data", "Desafio.Infra.Data\Desafio.Infra.Data.csproj", "{0B55F611-0F70-4D8B-8B21-85E2D5829DE4}"
EndProject
Project("{FAE04EC0-301F-11D3-BF4B-00C04F79EFBC}") = "Desafio.API", "Desafio.API\Desafio.API.csproj", "{F4EB6924-F1B4-4B9D-8E9A-D271802CD484}"
EndProject
Global
	GlobalSection(SolutionConfigurationPlatforms) = preSolution
		Debug|Any CPU = Debug|Any CPU
		Release|Any CPU = Release|Any CPU
	EndGlobalSection
	GlobalSection(ProjectConfigurationPlatforms) = postSolution
		{D84E0A11-4D0F-4E15-A74C-24DC764DE198}.Debug|Any CPU.ActiveCfg = Debug|Any CPU
		{D84E0A11-4D0F-4E15-A74C-24DC764DE198}.Debug|Any CPU.Build.0 = Debug|Any CPU
		{D84E0A11-4D0F-4E15-A74C-24DC764DE198}.Release|Any CPU.ActiveCfg = Release|Any CPU
		{D84E0A11-4D0F-4E15-A74C-24DC764DE198}.Release|Any CPU.Build.0 = Release|Any CPU
		{0B55F611-0F70-4D8B-8B21-85E2D5829DE4}.Debug|Any CPU.ActiveCfg = Debug|Any CPU
		{0B55F611-0F70-4D8B-8B21-85E2D5829DE4}.Debug|Any CPU.Build.0 = Debug|Any CPU
		{0B55F611-0F70-4D8B-8B21-85E2D5829DE4}.Release|Any CPU.ActiveCfg = Release|Any CPU
		{0B55F611-0F70-4D8B-8B21-85E2D5829DE4}.Release|Any CPU.Build.0 = Release|Any CPU
		{F4EB6924-F1B4-4B9D-8E9A-D271802CD484}.Debug|Any CPU.ActiveCfg = Debug|Any CPU
		{F4EB6924-F1B4-4B9D-8E9A-D271802CD484}.Debug|Any CPU.Build.0 = Debug|Any CPU
		{F4EB6924-F1B4-4B9D-8E9A-D271802CD484}.Release|Any CPU.ActiveCfg = Release|Any CPU
		{F4EB6924-F1B4-4B9D-8E9A-D271802CD484}.Release|Any CPU.Build.0 = Release|Any CPU
	EndGlobalSection
	GlobalSection(SolutionProperties) = preSolution
		HideSolutionNode = FALSE
	EndGlobalSection
	GlobalSection(ExtensibilityGlobals) = postSolution
		SolutionGuid = {AC82899C-5EE8-4052-ACA4-D059C6C6F933}
	EndGlobalSection
EndGlobal
