
Microsoft Visual Studio Solution File, Format Version 12.00
# Visual Studio Version 17
VisualStudioVersion = 17.1.32210.238
MinimumVisualStudioVersion = 10.0.40219.1
Project("{9A19103F-16F7-4668-BE54-9A1E7A4F7556}") = "Desafio.API", "Desafio.API\Desafio.API.csproj", "{F4EB6924-F1B4-4B9D-8E9A-D271802CD484}"
EndProject
Global
	GlobalSection(SolutionConfigurationPlatforms) = preSolution
		Debug|Any CPU = Debug|Any CPU
		Release|Any CPU = Release|Any CPU
	EndGlobalSection
	GlobalSection(ProjectConfigurationPlatforms) = postSolution
		{F4EB6924-F1B4-4B9D-8E9A-D271802CD484}.Debug|Any CPU.ActiveCfg = Debug|Any CPU
		{F4EB6924-F1B4-4B9D-8E9A-D271802CD484}.Debug|Any CPU.Build.0 = Debug|Any CPU
		{F4EB6924-F1B4-4B9D-8E9A-D271802CD484}.Release|Any CPU.ActiveCfg = Release|Any CPU
		{F4EB6924-F1B4-4B9D-8E9A-D271802CD484}.Release|Any CPU.Build.0 = Release|Any CPU
	EndGlobalSection
	GlobalSection(SolutionProperties) = preSolution
		HideSolutionNode = FALSE
	EndGlobalSection
	GlobalSection(ExtensibilityGlobals) = postSolution
		SolutionGuid = {AC82899C-5EE8-4052-ACA4-D059C6C6F933}
	EndGlobalSection
EndGlobal
